// !$*UTF8*$!
{
	archiveVersion = 1;
	classes = {
	};
	objectVersion = 46;
	objects = {

/* Begin PBXBuildFile section */
		0AA72D232D580C5F000EAF6C /* SinSynthView.mm in Sources */ = {isa = PBXBuildFile; fileRef = 0AA72D222D580C5F000EAF6C /* SinSynthView.mm */; };
		0AA72D252D580DB1000EAF6C /* AppKit.framework in Frameworks */ = {isa = PBXBuildFile; fileRef = 0AA72D242D580DB1000EAF6C /* AppKit.framework */; };
		0AAED16E2D57CA7D004B5227 /* AUBase.h in Headers */ = {isa = PBXBuildFile; fileRef = 0AAED1502D57CA7D004B5227 /* AUBase.h */; };
		0AAED1702D57CA7D004B5227 /* AUBuffer.h in Headers */ = {isa = PBXBuildFile; fileRef = 0AAED1522D57CA7D004B5227 /* AUBuffer.h */; };
		0AAED1722D57CA7D004B5227 /* AudioUnitSDK.h in Headers */ = {isa = PBXBuildFile; fileRef = 0AAED1542D57CA7D004B5227 /* AudioUnitSDK.h */; };
		0AAED1742D57CA7D004B5227 /* AUEffectBase.h in Headers */ = {isa = PBXBuildFile; fileRef = 0AAED1562D57CA7D004B5227 /* AUEffectBase.h */; };
		0AAED1762D57CA7D004B5227 /* AUInputElement.h in Headers */ = {isa = PBXBuildFile; fileRef = 0AAED1582D57CA7D004B5227 /* AUInputElement.h */; };
		0AAED1782D57CA7D004B5227 /* AUMIDIBase.h in Headers */ = {isa = PBXBuildFile; fileRef = 0AAED15A2D57CA7D004B5227 /* AUMIDIBase.h */; };
		0AAED17A2D57CA7D004B5227 /* AUMIDIEffectBase.h in Headers */ = {isa = PBXBuildFile; fileRef = 0AAED15C2D57CA7D004B5227 /* AUMIDIEffectBase.h */; };
		0AAED17B2D57CA7D004B5227 /* AUMIDIUtility.h in Headers */ = {isa = PBXBuildFile; fileRef = 0AAED15D2D57CA7D004B5227 /* AUMIDIUtility.h */; };
		0AAED17D2D57CA7D004B5227 /* AUOutputElement.h in Headers */ = {isa = PBXBuildFile; fileRef = 0AAED15F2D57CA7D004B5227 /* AUOutputElement.h */; };
		0AAED17F2D57CA7D004B5227 /* AUPlugInDispatch.h in Headers */ = {isa = PBXBuildFile; fileRef = 0AAED1612D57CA7D004B5227 /* AUPlugInDispatch.h */; };
		0AAED1812D57CA7D004B5227 /* AUScopeElement.h in Headers */ = {isa = PBXBuildFile; fileRef = 0AAED1632D57CA7D004B5227 /* AUScopeElement.h */; };
		0AAED1822D57CA7D004B5227 /* AUSilentTimeout.h in Headers */ = {isa = PBXBuildFile; fileRef = 0AAED1642D57CA7D004B5227 /* AUSilentTimeout.h */; };
		0AAED1832D57CA7D004B5227 /* AUUtility.h in Headers */ = {isa = PBXBuildFile; fileRef = 0AAED1652D57CA7D004B5227 /* AUUtility.h */; };
		0AAED1852D57CA7D004B5227 /* ComponentBase.h in Headers */ = {isa = PBXBuildFile; fileRef = 0AAED1672D57CA7D004B5227 /* ComponentBase.h */; };
		0AAED1892D57CA7D004B5227 /* MusicDeviceBase.h in Headers */ = {isa = PBXBuildFile; fileRef = 0AAED16B2D57CA7D004B5227 /* MusicDeviceBase.h */; };
		0AF475B92D57F16A00D44517 /* SinSynth.h in Headers */ = {isa = PBXBuildFile; fileRef = 0AF475B62D57F16A00D44517 /* SinSynth.h */; };
		0AF475BC2D57F17900D44517 /* Info.plist in Resources */ = {isa = PBXBuildFile; fileRef = 0AF475BB2D57F17900D44517 /* Info.plist */; };
		0AF475DC2D57F20600D44517 /* AUBase.h in Headers */ = {isa = PBXBuildFile; fileRef = 0AF475BE2D57F20600D44517 /* AUBase.h */; };
		0AF475DE2D57F20600D44517 /* AUBuffer.h in Headers */ = {isa = PBXBuildFile; fileRef = 0AF475C02D57F20600D44517 /* AUBuffer.h */; };
		0AF475E02D57F20600D44517 /* AudioUnitSDK.h in Headers */ = {isa = PBXBuildFile; fileRef = 0AF475C22D57F20600D44517 /* AudioUnitSDK.h */; };
		0AF475E22D57F20600D44517 /* AUEffectBase.h in Headers */ = {isa = PBXBuildFile; fileRef = 0AF475C42D57F20600D44517 /* AUEffectBase.h */; };
		0AF475E42D57F20600D44517 /* AUInputElement.h in Headers */ = {isa = PBXBuildFile; fileRef = 0AF475C62D57F20600D44517 /* AUInputElement.h */; };
		0AF475E62D57F20600D44517 /* AUMIDIBase.h in Headers */ = {isa = PBXBuildFile; fileRef = 0AF475C82D57F20600D44517 /* AUMIDIBase.h */; };
		0AF475E82D57F20600D44517 /* AUMIDIEffectBase.h in Headers */ = {isa = PBXBuildFile; fileRef = 0AF475CA2D57F20600D44517 /* AUMIDIEffectBase.h */; };
		0AF475E92D57F20600D44517 /* AUMIDIUtility.h in Headers */ = {isa = PBXBuildFile; fileRef = 0AF475CB2D57F20600D44517 /* AUMIDIUtility.h */; };
		0AF475EB2D57F20600D44517 /* AUOutputElement.h in Headers */ = {isa = PBXBuildFile; fileRef = 0AF475CD2D57F20600D44517 /* AUOutputElement.h */; };
		0AF475ED2D57F20600D44517 /* AUPlugInDispatch.h in Headers */ = {isa = PBXBuildFile; fileRef = 0AF475CF2D57F20600D44517 /* AUPlugInDispatch.h */; };
		0AF475EF2D57F20600D44517 /* AUScopeElement.h in Headers */ = {isa = PBXBuildFile; fileRef = 0AF475D12D57F20600D44517 /* AUScopeElement.h */; };
		0AF475F02D57F20600D44517 /* AUSilentTimeout.h in Headers */ = {isa = PBXBuildFile; fileRef = 0AF475D22D57F20600D44517 /* AUSilentTimeout.h */; };
		0AF475F12D57F20600D44517 /* AUUtility.h in Headers */ = {isa = PBXBuildFile; fileRef = 0AF475D32D57F20600D44517 /* AUUtility.h */; };
		0AF475F32D57F20600D44517 /* ComponentBase.h in Headers */ = {isa = PBXBuildFile; fileRef = 0AF475D52D57F20600D44517 /* ComponentBase.h */; };
		0AF475F52D57F20600D44517 /* LICENSE.txt in Resources */ = {isa = PBXBuildFile; fileRef = 0AF475D72D57F20600D44517 /* LICENSE.txt */; };
		0AF475F72D57F20600D44517 /* MusicDeviceBase.h in Headers */ = {isa = PBXBuildFile; fileRef = 0AF475D92D57F20600D44517 /* MusicDeviceBase.h */; };
		0AF475F82D57F27000D44517 /* AUMIDIBase.cpp in Sources */ = {isa = PBXBuildFile; fileRef = 0AF475C72D57F20600D44517 /* AUMIDIBase.cpp */; };
		0AF475F92D57F27000D44517 /* AUInputElement.cpp in Sources */ = {isa = PBXBuildFile; fileRef = 0AF475C52D57F20600D44517 /* AUInputElement.cpp */; };
		0AF475FA2D57F27000D44517 /* SinSynth.exp in Sources */ = {isa = PBXBuildFile; fileRef = 0AF475B72D57F16A00D44517 /* SinSynth.exp */; };
		0AF475FB2D57F27000D44517 /* MusicDeviceBase.cpp in Sources */ = {isa = PBXBuildFile; fileRef = 0AF475D82D57F20600D44517 /* MusicDeviceBase.cpp */; };
		0AF475FC2D57F27000D44517 /* AUBufferAllocator.cpp in Sources */ = {isa = PBXBuildFile; fileRef = 0AF475C12D57F20600D44517 /* AUBufferAllocator.cpp */; };
		0AF475FD2D57F27000D44517 /* AUBase.cpp in Sources */ = {isa = PBXBuildFile; fileRef = 0AF475BD2D57F20600D44517 /* AUBase.cpp */; };
		0AF475FE2D57F27000D44517 /* AUEffectBase.cpp in Sources */ = {isa = PBXBuildFile; fileRef = 0AF475C32D57F20600D44517 /* AUEffectBase.cpp */; };
		0AF475FF2D57F27000D44517 /* AUPlugInDispatch.cpp in Sources */ = {isa = PBXBuildFile; fileRef = 0AF475CE2D57F20600D44517 /* AUPlugInDispatch.cpp */; };
		0AF476002D57F27000D44517 /* AUScopeElement.cpp in Sources */ = {isa = PBXBuildFile; fileRef = 0AF475D02D57F20600D44517 /* AUScopeElement.cpp */; };
		0AF476012D57F27000D44517 /* AUMIDIEffectBase.cpp in Sources */ = {isa = PBXBuildFile; fileRef = 0AF475C92D57F20600D44517 /* AUMIDIEffectBase.cpp */; };
		0AF476022D57F27000D44517 /* AUOutputElement.cpp in Sources */ = {isa = PBXBuildFile; fileRef = 0AF475CC2D57F20600D44517 /* AUOutputElement.cpp */; };
		0AF476032D57F27000D44517 /* SinSynth.cpp in Sources */ = {isa = PBXBuildFile; fileRef = 0AF475B52D57F16A00D44517 /* SinSynth.cpp */; };
		0AF476042D57F27000D44517 /* AUBuffer.cpp in Sources */ = {isa = PBXBuildFile; fileRef = 0AF475BF2D57F20600D44517 /* AUBuffer.cpp */; };
		0AF476052D57F27000D44517 /* ComponentBase.cpp in Sources */ = {isa = PBXBuildFile; fileRef = 0AF475D42D57F20600D44517 /* ComponentBase.cpp */; };
		442E2C9620EBCC6E005076E5 /* SinSynth.component in CopyFiles */ = {isa = PBXBuildFile; fileRef = 8D01CCD20486CAD60068D4B7 /* SinSynth.component */; };
		929067AC061260B00065C650 /* AudioUnit.framework in Frameworks */ = {isa = PBXBuildFile; fileRef = 929067A9061260B00065C650 /* AudioUnit.framework */; };
		A919E553088DCA5A008B8742 /* AudioToolbox.framework in Frameworks */ = {isa = PBXBuildFile; fileRef = A919E53A088DCA5A008B8742 /* AudioToolbox.framework */; };
		B86DD2BC17ED0F7800648F79 /* CoreFoundation.framework in Frameworks */ = {isa = PBXBuildFile; fileRef = B86DD2BA17ED0F4E00648F79 /* CoreFoundation.framework */; };
/* End PBXBuildFile section */

/* Begin PBXCopyFilesBuildPhase section */
		442E2C9520EBCC44005076E5 /* CopyFiles */ = {
			isa = PBXCopyFilesBuildPhase;
			buildActionMask = 2147483647;
			dstPath = "/Users/$(USER)/Library/Audio/Plug-Ins/Components";
			dstSubfolderSpec = 0;
			files = (
				442E2C9620EBCC6E005076E5 /* SinSynth.component in CopyFiles */,
			);
			runOnlyForDeploymentPostprocessing = 0;
		};
/* End PBXCopyFilesBuildPhase section */

/* Begin PBXFileReference section */
		0AA72D222D580C5F000EAF6C /* SinSynthView.mm */ = {isa = PBXFileReference; fileEncoding = 4; lastKnownFileType = sourcecode.cpp.objcpp; name = SinSynthView.mm; path = src/SinSynthView.mm; sourceTree = "<group>"; };
		0AA72D242D580DB1000EAF6C /* AppKit.framework */ = {isa = PBXFileReference; lastKnownFileType = wrapper.framework; name = AppKit.framework; path = System/Library/Frameworks/AppKit.framework; sourceTree = SDKROOT; };
		0AAED14F2D57CA7D004B5227 /* AUBase.cpp */ = {isa = PBXFileReference; fileEncoding = 4; lastKnownFileType = sourcecode.cpp.cpp; path = AUBase.cpp; sourceTree = "<group>"; };
		0AAED1502D57CA7D004B5227 /* AUBase.h */ = {isa = PBXFileReference; fileEncoding = 4; lastKnownFileType = sourcecode.c.h; path = AUBase.h; sourceTree = "<group>"; };
		0AAED1512D57CA7D004B5227 /* AUBuffer.cpp */ = {isa = PBXFileReference; fileEncoding = 4; lastKnownFileType = sourcecode.cpp.cpp; path = AUBuffer.cpp; sourceTree = "<group>"; };
		0AAED1522D57CA7D004B5227 /* AUBuffer.h */ = {isa = PBXFileReference; fileEncoding = 4; lastKnownFileType = sourcecode.c.h; path = AUBuffer.h; sourceTree = "<group>"; };
		0AAED1532D57CA7D004B5227 /* AUBufferAllocator.cpp */ = {isa = PBXFileReference; fileEncoding = 4; lastKnownFileType = sourcecode.cpp.cpp; path = AUBufferAllocator.cpp; sourceTree = "<group>"; };
		0AAED1542D57CA7D004B5227 /* AudioUnitSDK.h */ = {isa = PBXFileReference; fileEncoding = 4; lastKnownFileType = sourcecode.c.h; path = AudioUnitSDK.h; sourceTree = "<group>"; };
		0AAED1552D57CA7D004B5227 /* AUEffectBase.cpp */ = {isa = PBXFileReference; fileEncoding = 4; lastKnownFileType = sourcecode.cpp.cpp; path = AUEffectBase.cpp; sourceTree = "<group>"; };
		0AAED1562D57CA7D004B5227 /* AUEffectBase.h */ = {isa = PBXFileReference; fileEncoding = 4; lastKnownFileType = sourcecode.c.h; path = AUEffectBase.h; sourceTree = "<group>"; };
		0AAED1572D57CA7D004B5227 /* AUInputElement.cpp */ = {isa = PBXFileReference; fileEncoding = 4; lastKnownFileType = sourcecode.cpp.cpp; path = AUInputElement.cpp; sourceTree = "<group>"; };
		0AAED1582D57CA7D004B5227 /* AUInputElement.h */ = {isa = PBXFileReference; fileEncoding = 4; lastKnownFileType = sourcecode.c.h; path = AUInputElement.h; sourceTree = "<group>"; };
		0AAED1592D57CA7D004B5227 /* AUMIDIBase.cpp */ = {isa = PBXFileReference; fileEncoding = 4; lastKnownFileType = sourcecode.cpp.cpp; path = AUMIDIBase.cpp; sourceTree = "<group>"; };
		0AAED15A2D57CA7D004B5227 /* AUMIDIBase.h */ = {isa = PBXFileReference; fileEncoding = 4; lastKnownFileType = sourcecode.c.h; path = AUMIDIBase.h; sourceTree = "<group>"; };
		0AAED15B2D57CA7D004B5227 /* AUMIDIEffectBase.cpp */ = {isa = PBXFileReference; fileEncoding = 4; lastKnownFileType = sourcecode.cpp.cpp; path = AUMIDIEffectBase.cpp; sourceTree = "<group>"; };
		0AAED15C2D57CA7D004B5227 /* AUMIDIEffectBase.h */ = {isa = PBXFileReference; fileEncoding = 4; lastKnownFileType = sourcecode.c.h; path = AUMIDIEffectBase.h; sourceTree = "<group>"; };
		0AAED15D2D57CA7D004B5227 /* AUMIDIUtility.h */ = {isa = PBXFileReference; fileEncoding = 4; lastKnownFileType = sourcecode.c.h; path = AUMIDIUtility.h; sourceTree = "<group>"; };
		0AAED15E2D57CA7D004B5227 /* AUOutputElement.cpp */ = {isa = PBXFileReference; fileEncoding = 4; lastKnownFileType = sourcecode.cpp.cpp; path = AUOutputElement.cpp; sourceTree = "<group>"; };
		0AAED15F2D57CA7D004B5227 /* AUOutputElement.h */ = {isa = PBXFileReference; fileEncoding = 4; lastKnownFileType = sourcecode.c.h; path = AUOutputElement.h; sourceTree = "<group>"; };
		0AAED1602D57CA7D004B5227 /* AUPlugInDispatch.cpp */ = {isa = PBXFileReference; fileEncoding = 4; lastKnownFileType = sourcecode.cpp.cpp; path = AUPlugInDispatch.cpp; sourceTree = "<group>"; };
		0AAED1612D57CA7D004B5227 /* AUPlugInDispatch.h */ = {isa = PBXFileReference; fileEncoding = 4; lastKnownFileType = sourcecode.c.h; path = AUPlugInDispatch.h; sourceTree = "<group>"; };
		0AAED1622D57CA7D004B5227 /* AUScopeElement.cpp */ = {isa = PBXFileReference; fileEncoding = 4; lastKnownFileType = sourcecode.cpp.cpp; path = AUScopeElement.cpp; sourceTree = "<group>"; };
		0AAED1632D57CA7D004B5227 /* AUScopeElement.h */ = {isa = PBXFileReference; fileEncoding = 4; lastKnownFileType = sourcecode.c.h; path = AUScopeElement.h; sourceTree = "<group>"; };
		0AAED1642D57CA7D004B5227 /* AUSilentTimeout.h */ = {isa = PBXFileReference; fileEncoding = 4; lastKnownFileType = sourcecode.c.h; path = AUSilentTimeout.h; sourceTree = "<group>"; };
		0AAED1652D57CA7D004B5227 /* AUUtility.h */ = {isa = PBXFileReference; fileEncoding = 4; lastKnownFileType = sourcecode.c.h; path = AUUtility.h; sourceTree = "<group>"; };
		0AAED1662D57CA7D004B5227 /* ComponentBase.cpp */ = {isa = PBXFileReference; fileEncoding = 4; lastKnownFileType = sourcecode.cpp.cpp; path = ComponentBase.cpp; sourceTree = "<group>"; };
		0AAED1672D57CA7D004B5227 /* ComponentBase.h */ = {isa = PBXFileReference; fileEncoding = 4; lastKnownFileType = sourcecode.c.h; path = ComponentBase.h; sourceTree = "<group>"; };
		0AAED1682D57CA7D004B5227 /* JUCE CHANGES.txt */ = {isa = PBXFileReference; fileEncoding = 4; lastKnownFileType = text; path = "JUCE CHANGES.txt"; sourceTree = "<group>"; };
		0AAED1692D57CA7D004B5227 /* LICENSE.txt */ = {isa = PBXFileReference; fileEncoding = 4; lastKnownFileType = text; path = LICENSE.txt; sourceTree = "<group>"; };
		0AAED16A2D57CA7D004B5227 /* MusicDeviceBase.cpp */ = {isa = PBXFileReference; fileEncoding = 4; lastKnownFileType = sourcecode.cpp.cpp; path = MusicDeviceBase.cpp; sourceTree = "<group>"; };
		0AAED16B2D57CA7D004B5227 /* MusicDeviceBase.h */ = {isa = PBXFileReference; fileEncoding = 4; lastKnownFileType = sourcecode.c.h; path = MusicDeviceBase.h; sourceTree = "<group>"; };
		0AF475B52D57F16A00D44517 /* SinSynth.cpp */ = {isa = PBXFileReference; fileEncoding = 4; lastKnownFileType = sourcecode.cpp.cpp; name = SinSynth.cpp; path = src/SinSynth.cpp; sourceTree = "<group>"; };
		0AF475B62D57F16A00D44517 /* SinSynth.h */ = {isa = PBXFileReference; fileEncoding = 4; lastKnownFileType = sourcecode.c.h; name = SinSynth.h; path = src/SinSynth.h; sourceTree = "<group>"; };
		0AF475B72D57F16A00D44517 /* SinSynth.exp */ = {isa = PBXFileReference; fileEncoding = 4; lastKnownFileType = sourcecode.exports; name = SinSynth.exp; path = src/SinSynth.exp; sourceTree = "<group>"; };
		0AF475BB2D57F17900D44517 /* Info.plist */ = {isa = PBXFileReference; fileEncoding = 4; lastKnownFileType = text.plist.xml; name = Info.plist; path = "build-resources/Info.plist"; sourceTree = "<group>"; };
		0AF475BD2D57F20600D44517 /* AUBase.cpp */ = {isa = PBXFileReference; fileEncoding = 4; lastKnownFileType = sourcecode.cpp.cpp; path = AUBase.cpp; sourceTree = "<group>"; };
		0AF475BE2D57F20600D44517 /* AUBase.h */ = {isa = PBXFileReference; fileEncoding = 4; lastKnownFileType = sourcecode.c.h; path = AUBase.h; sourceTree = "<group>"; };
		0AF475BF2D57F20600D44517 /* AUBuffer.cpp */ = {isa = PBXFileReference; fileEncoding = 4; lastKnownFileType = sourcecode.cpp.cpp; path = AUBuffer.cpp; sourceTree = "<group>"; };
		0AF475C02D57F20600D44517 /* AUBuffer.h */ = {isa = PBXFileReference; fileEncoding = 4; lastKnownFileType = sourcecode.c.h; path = AUBuffer.h; sourceTree = "<group>"; };
		0AF475C12D57F20600D44517 /* AUBufferAllocator.cpp */ = {isa = PBXFileReference; fileEncoding = 4; lastKnownFileType = sourcecode.cpp.cpp; path = AUBufferAllocator.cpp; sourceTree = "<group>"; };
		0AF475C22D57F20600D44517 /* AudioUnitSDK.h */ = {isa = PBXFileReference; fileEncoding = 4; lastKnownFileType = sourcecode.c.h; path = AudioUnitSDK.h; sourceTree = "<group>"; };
		0AF475C32D57F20600D44517 /* AUEffectBase.cpp */ = {isa = PBXFileReference; fileEncoding = 4; lastKnownFileType = sourcecode.cpp.cpp; path = AUEffectBase.cpp; sourceTree = "<group>"; };
		0AF475C42D57F20600D44517 /* AUEffectBase.h */ = {isa = PBXFileReference; fileEncoding = 4; lastKnownFileType = sourcecode.c.h; path = AUEffectBase.h; sourceTree = "<group>"; };
		0AF475C52D57F20600D44517 /* AUInputElement.cpp */ = {isa = PBXFileReference; fileEncoding = 4; lastKnownFileType = sourcecode.cpp.cpp; path = AUInputElement.cpp; sourceTree = "<group>"; };
		0AF475C62D57F20600D44517 /* AUInputElement.h */ = {isa = PBXFileReference; fileEncoding = 4; lastKnownFileType = sourcecode.c.h; path = AUInputElement.h; sourceTree = "<group>"; };
		0AF475C72D57F20600D44517 /* AUMIDIBase.cpp */ = {isa = PBXFileReference; fileEncoding = 4; lastKnownFileType = sourcecode.cpp.cpp; path = AUMIDIBase.cpp; sourceTree = "<group>"; };
		0AF475C82D57F20600D44517 /* AUMIDIBase.h */ = {isa = PBXFileReference; fileEncoding = 4; lastKnownFileType = sourcecode.c.h; path = AUMIDIBase.h; sourceTree = "<group>"; };
		0AF475C92D57F20600D44517 /* AUMIDIEffectBase.cpp */ = {isa = PBXFileReference; fileEncoding = 4; lastKnownFileType = sourcecode.cpp.cpp; path = AUMIDIEffectBase.cpp; sourceTree = "<group>"; };
		0AF475CA2D57F20600D44517 /* AUMIDIEffectBase.h */ = {isa = PBXFileReference; fileEncoding = 4; lastKnownFileType = sourcecode.c.h; path = AUMIDIEffectBase.h; sourceTree = "<group>"; };
		0AF475CB2D57F20600D44517 /* AUMIDIUtility.h */ = {isa = PBXFileReference; fileEncoding = 4; lastKnownFileType = sourcecode.c.h; path = AUMIDIUtility.h; sourceTree = "<group>"; };
		0AF475CC2D57F20600D44517 /* AUOutputElement.cpp */ = {isa = PBXFileReference; fileEncoding = 4; lastKnownFileType = sourcecode.cpp.cpp; path = AUOutputElement.cpp; sourceTree = "<group>"; };
		0AF475CD2D57F20600D44517 /* AUOutputElement.h */ = {isa = PBXFileReference; fileEncoding = 4; lastKnownFileType = sourcecode.c.h; path = AUOutputElement.h; sourceTree = "<group>"; };
		0AF475CE2D57F20600D44517 /* AUPlugInDispatch.cpp */ = {isa = PBXFileReference; fileEncoding = 4; lastKnownFileType = sourcecode.cpp.cpp; path = AUPlugInDispatch.cpp; sourceTree = "<group>"; };
		0AF475CF2D57F20600D44517 /* AUPlugInDispatch.h */ = {isa = PBXFileReference; fileEncoding = 4; lastKnownFileType = sourcecode.c.h; path = AUPlugInDispatch.h; sourceTree = "<group>"; };
		0AF475D02D57F20600D44517 /* AUScopeElement.cpp */ = {isa = PBXFileReference; fileEncoding = 4; lastKnownFileType = sourcecode.cpp.cpp; path = AUScopeElement.cpp; sourceTree = "<group>"; };
		0AF475D12D57F20600D44517 /* AUScopeElement.h */ = {isa = PBXFileReference; fileEncoding = 4; lastKnownFileType = sourcecode.c.h; path = AUScopeElement.h; sourceTree = "<group>"; };
		0AF475D22D57F20600D44517 /* AUSilentTimeout.h */ = {isa = PBXFileReference; fileEncoding = 4; lastKnownFileType = sourcecode.c.h; path = AUSilentTimeout.h; sourceTree = "<group>"; };
		0AF475D32D57F20600D44517 /* AUUtility.h */ = {isa = PBXFileReference; fileEncoding = 4; lastKnownFileType = sourcecode.c.h; path = AUUtility.h; sourceTree = "<group>"; };
		0AF475D42D57F20600D44517 /* ComponentBase.cpp */ = {isa = PBXFileReference; fileEncoding = 4; lastKnownFileType = sourcecode.cpp.cpp; path = ComponentBase.cpp; sourceTree = "<group>"; };
		0AF475D52D57F20600D44517 /* ComponentBase.h */ = {isa = PBXFileReference; fileEncoding = 4; lastKnownFileType = sourcecode.c.h; path = ComponentBase.h; sourceTree = "<group>"; };
		0AF475D72D57F20600D44517 /* LICENSE.txt */ = {isa = PBXFileReference; fileEncoding = 4; lastKnownFileType = text; path = LICENSE.txt; sourceTree = "<group>"; };
		0AF475D82D57F20600D44517 /* MusicDeviceBase.cpp */ = {isa = PBXFileReference; fileEncoding = 4; lastKnownFileType = sourcecode.cpp.cpp; path = MusicDeviceBase.cpp; sourceTree = "<group>"; };
		0AF475D92D57F20600D44517 /* MusicDeviceBase.h */ = {isa = PBXFileReference; fileEncoding = 4; lastKnownFileType = sourcecode.c.h; path = MusicDeviceBase.h; sourceTree = "<group>"; };
		4CC3055E0BD6DE8F008E97BD /* CoreMIDI.framework */ = {isa = PBXFileReference; lastKnownFileType = wrapper.framework; name = CoreMIDI.framework; path = /System/Library/Frameworks/CoreMIDI.framework; sourceTree = "<absolute>"; };
		8D01CCD20486CAD60068D4B7 /* SinSynth.component */ = {isa = PBXFileReference; explicitFileType = wrapper.cfbundle; includeInIndex = 0; path = SinSynth.component; sourceTree = BUILT_PRODUCTS_DIR; };
		929067A9061260B00065C650 /* AudioUnit.framework */ = {isa = PBXFileReference; lastKnownFileType = wrapper.framework; name = AudioUnit.framework; path = /System/Library/Frameworks/AudioUnit.framework; sourceTree = "<absolute>"; };
		9DB7F0262104654000B26AFA /* libsweep.dylib */ = {isa = PBXFileReference; lastKnownFileType = "compiled.mach-o.dylib"; name = libsweep.dylib; path = ../../../../../usr/local/lib/libsweep.dylib; sourceTree = "<group>"; };
		A919E53A088DCA5A008B8742 /* AudioToolbox.framework */ = {isa = PBXFileReference; lastKnownFileType = wrapper.framework; name = AudioToolbox.framework; path = /System/Library/Frameworks/AudioToolbox.framework; sourceTree = "<absolute>"; };
		B86DD2BA17ED0F4E00648F79 /* CoreFoundation.framework */ = {isa = PBXFileReference; lastKnownFileType = wrapper.framework; name = CoreFoundation.framework; path = /System/Library/Frameworks/CoreFoundation.framework; sourceTree = "<absolute>"; };
/* End PBXFileReference section */

/* Begin PBXFrameworksBuildPhase section */
		8D01CCCD0486CAD60068D4B7 /* Frameworks */ = {
			isa = PBXFrameworksBuildPhase;
			buildActionMask = 2147483647;
			files = (
				0AA72D252D580DB1000EAF6C /* AppKit.framework in Frameworks */,
				B86DD2BC17ED0F7800648F79 /* CoreFoundation.framework in Frameworks */,
				929067AC061260B00065C650 /* AudioUnit.framework in Frameworks */,
				A919E553088DCA5A008B8742 /* AudioToolbox.framework in Frameworks */,
			);
			runOnlyForDeploymentPostprocessing = 0;
		};
/* End PBXFrameworksBuildPhase section */

/* Begin PBXGroup section */
		089C166AFE841209C02AAC07 /* SinSynth */ = {
			isa = PBXGroup;
			children = (
				08FB77ADFE841716C02AAC07 /* Source */,
				089C167CFE841241C02AAC07 /* Resources */,
				089C1671FE841209C02AAC07 /* External Frameworks and Libraries */,
				19C28FB4FE9D528D11CA2CBB /* Products */,
				9DB7F0252104654000B26AFA /* Frameworks */,
			);
			name = SinSynth;
			sourceTree = "<group>";
		};
		089C1671FE841209C02AAC07 /* External Frameworks and Libraries */ = {
			isa = PBXGroup;
			children = (
				B86DD2BA17ED0F4E00648F79 /* CoreFoundation.framework */,
				4CC3055E0BD6DE8F008E97BD /* CoreMIDI.framework */,
				A919E53A088DCA5A008B8742 /* AudioToolbox.framework */,
				929067A9061260B00065C650 /* AudioUnit.framework */,
			);
			name = "External Frameworks and Libraries";
			sourceTree = "<group>";
		};
		089C167CFE841241C02AAC07 /* Resources */ = {
			isa = PBXGroup;
			children = (
				0AF475BB2D57F17900D44517 /* Info.plist */,
			);
			name = Resources;
			sourceTree = "<group>";
		};
		08FB77ADFE841716C02AAC07 /* Source */ = {
			isa = PBXGroup;
			children = (
				0AF475DA2D57F20600D44517 /* AudioUnitSDK */,
				0AF475B52D57F16A00D44517 /* SinSynth.cpp */,
				0AF475B72D57F16A00D44517 /* SinSynth.exp */,
				0AA72D222D580C5F000EAF6C /* SinSynthView.mm */,
				0AF475B62D57F16A00D44517 /* SinSynth.h */,
				0AAED16C2D57CA7D004B5227 /* AudioUnitSDK */,
			);
			name = Source;
			sourceTree = "<group>";
		};
		0AAED16C2D57CA7D004B5227 /* AudioUnitSDK */ = {
			isa = PBXGroup;
			children = (
				0AAED14F2D57CA7D004B5227 /* AUBase.cpp */,
				0AAED1502D57CA7D004B5227 /* AUBase.h */,
				0AAED1512D57CA7D004B5227 /* AUBuffer.cpp */,
				0AAED1522D57CA7D004B5227 /* AUBuffer.h */,
				0AAED1532D57CA7D004B5227 /* AUBufferAllocator.cpp */,
				0AAED1542D57CA7D004B5227 /* AudioUnitSDK.h */,
				0AAED1552D57CA7D004B5227 /* AUEffectBase.cpp */,
				0AAED1562D57CA7D004B5227 /* AUEffectBase.h */,
				0AAED1572D57CA7D004B5227 /* AUInputElement.cpp */,
				0AAED1582D57CA7D004B5227 /* AUInputElement.h */,
				0AAED1592D57CA7D004B5227 /* AUMIDIBase.cpp */,
				0AAED15A2D57CA7D004B5227 /* AUMIDIBase.h */,
				0AAED15B2D57CA7D004B5227 /* AUMIDIEffectBase.cpp */,
				0AAED15C2D57CA7D004B5227 /* AUMIDIEffectBase.h */,
				0AAED15D2D57CA7D004B5227 /* AUMIDIUtility.h */,
				0AAED15E2D57CA7D004B5227 /* AUOutputElement.cpp */,
				0AAED15F2D57CA7D004B5227 /* AUOutputElement.h */,
				0AAED1602D57CA7D004B5227 /* AUPlugInDispatch.cpp */,
				0AAED1612D57CA7D004B5227 /* AUPlugInDispatch.h */,
				0AAED1622D57CA7D004B5227 /* AUScopeElement.cpp */,
				0AAED1632D57CA7D004B5227 /* AUScopeElement.h */,
				0AAED1642D57CA7D004B5227 /* AUSilentTimeout.h */,
				0AAED1652D57CA7D004B5227 /* AUUtility.h */,
				0AAED1662D57CA7D004B5227 /* ComponentBase.cpp */,
				0AAED1672D57CA7D004B5227 /* ComponentBase.h */,
				0AAED1682D57CA7D004B5227 /* JUCE CHANGES.txt */,
				0AAED1692D57CA7D004B5227 /* LICENSE.txt */,
				0AAED16A2D57CA7D004B5227 /* MusicDeviceBase.cpp */,
				0AAED16B2D57CA7D004B5227 /* MusicDeviceBase.h */,
			);
			name = AudioUnitSDK;
			path = ../AudioUnitSDK;
			sourceTree = "<group>";
		};
		0AF475DA2D57F20600D44517 /* AudioUnitSDK */ = {
			isa = PBXGroup;
			children = (
				0AF475BD2D57F20600D44517 /* AUBase.cpp */,
				0AF475BE2D57F20600D44517 /* AUBase.h */,
				0AF475BF2D57F20600D44517 /* AUBuffer.cpp */,
				0AF475C02D57F20600D44517 /* AUBuffer.h */,
				0AF475C12D57F20600D44517 /* AUBufferAllocator.cpp */,
				0AF475C22D57F20600D44517 /* AudioUnitSDK.h */,
				0AF475C32D57F20600D44517 /* AUEffectBase.cpp */,
				0AF475C42D57F20600D44517 /* AUEffectBase.h */,
				0AF475C52D57F20600D44517 /* AUInputElement.cpp */,
				0AF475C62D57F20600D44517 /* AUInputElement.h */,
				0AF475C72D57F20600D44517 /* AUMIDIBase.cpp */,
				0AF475C82D57F20600D44517 /* AUMIDIBase.h */,
				0AF475C92D57F20600D44517 /* AUMIDIEffectBase.cpp */,
				0AF475CA2D57F20600D44517 /* AUMIDIEffectBase.h */,
				0AF475CB2D57F20600D44517 /* AUMIDIUtility.h */,
				0AF475CC2D57F20600D44517 /* AUOutputElement.cpp */,
				0AF475CD2D57F20600D44517 /* AUOutputElement.h */,
				0AF475CE2D57F20600D44517 /* AUPlugInDispatch.cpp */,
				0AF475CF2D57F20600D44517 /* AUPlugInDispatch.h */,
				0AF475D02D57F20600D44517 /* AUScopeElement.cpp */,
				0AF475D12D57F20600D44517 /* AUScopeElement.h */,
				0AF475D22D57F20600D44517 /* AUSilentTimeout.h */,
				0AF475D32D57F20600D44517 /* AUUtility.h */,
				0AF475D42D57F20600D44517 /* ComponentBase.cpp */,
				0AF475D52D57F20600D44517 /* ComponentBase.h */,
				0AF475D72D57F20600D44517 /* LICENSE.txt */,
				0AF475D82D57F20600D44517 /* MusicDeviceBase.cpp */,
				0AF475D92D57F20600D44517 /* MusicDeviceBase.h */,
			);
			path = AudioUnitSDK;
			sourceTree = "<group>";
		};
		19C28FB4FE9D528D11CA2CBB /* Products */ = {
			isa = PBXGroup;
			children = (
				8D01CCD20486CAD60068D4B7 /* SinSynth.component */,
			);
			name = Products;
			sourceTree = "<group>";
		};
		9DB7F0252104654000B26AFA /* Frameworks */ = {
			isa = PBXGroup;
			children = (
				0AA72D242D580DB1000EAF6C /* AppKit.framework */,
				9DB7F0262104654000B26AFA /* libsweep.dylib */,
			);
			name = Frameworks;
			sourceTree = "<group>";
		};
/* End PBXGroup section */

/* Begin PBXHeadersBuildPhase section */
		8D01CCC70486CAD60068D4B7 /* Headers */ = {
			isa = PBXHeadersBuildPhase;
			buildActionMask = 2147483647;
			files = (
				0AF475E62D57F20600D44517 /* AUMIDIBase.h in Headers */,
				0AF475F72D57F20600D44517 /* MusicDeviceBase.h in Headers */,
				0AF475B92D57F16A00D44517 /* SinSynth.h in Headers */,
				0AAED1722D57CA7D004B5227 /* AudioUnitSDK.h in Headers */,
				0AF475F12D57F20600D44517 /* AUUtility.h in Headers */,
				0AAED1852D57CA7D004B5227 /* ComponentBase.h in Headers */,
				0AAED1782D57CA7D004B5227 /* AUMIDIBase.h in Headers */,
				0AF475E82D57F20600D44517 /* AUMIDIEffectBase.h in Headers */,
				0AAED17A2D57CA7D004B5227 /* AUMIDIEffectBase.h in Headers */,
				0AF475E02D57F20600D44517 /* AudioUnitSDK.h in Headers */,
				0AF475DC2D57F20600D44517 /* AUBase.h in Headers */,
				0AAED17D2D57CA7D004B5227 /* AUOutputElement.h in Headers */,
				0AAED1742D57CA7D004B5227 /* AUEffectBase.h in Headers */,
				0AAED17B2D57CA7D004B5227 /* AUMIDIUtility.h in Headers */,
				0AAED1702D57CA7D004B5227 /* AUBuffer.h in Headers */,
				0AAED1892D57CA7D004B5227 /* MusicDeviceBase.h in Headers */,
				0AAED17F2D57CA7D004B5227 /* AUPlugInDispatch.h in Headers */,
				0AF475F02D57F20600D44517 /* AUSilentTimeout.h in Headers */,
				0AAED1832D57CA7D004B5227 /* AUUtility.h in Headers */,
				0AF475E22D57F20600D44517 /* AUEffectBase.h in Headers */,
				0AF475F32D57F20600D44517 /* ComponentBase.h in Headers */,
				0AF475EB2D57F20600D44517 /* AUOutputElement.h in Headers */,
				0AAED1762D57CA7D004B5227 /* AUInputElement.h in Headers */,
				0AF475E92D57F20600D44517 /* AUMIDIUtility.h in Headers */,
				0AF475E42D57F20600D44517 /* AUInputElement.h in Headers */,
				0AF475DE2D57F20600D44517 /* AUBuffer.h in Headers */,
				0AF475EF2D57F20600D44517 /* AUScopeElement.h in Headers */,
				0AAED1822D57CA7D004B5227 /* AUSilentTimeout.h in Headers */,
				0AF475ED2D57F20600D44517 /* AUPlugInDispatch.h in Headers */,
				0AAED1812D57CA7D004B5227 /* AUScopeElement.h in Headers */,
				0AAED16E2D57CA7D004B5227 /* AUBase.h in Headers */,
			);
			runOnlyForDeploymentPostprocessing = 0;
		};
/* End PBXHeadersBuildPhase section */

/* Begin PBXNativeTarget section */
		8D01CCC60486CAD60068D4B7 /* SinSynth */ = {
			isa = PBXNativeTarget;
			buildConfigurationList = A919E328088DC18A008B8742 /* Build configuration list for PBXNativeTarget "SinSynth" */;
			buildPhases = (
				8D01CCC70486CAD60068D4B7 /* Headers */,
				8D01CCC90486CAD60068D4B7 /* Resources */,
				8D01CCCB0486CAD60068D4B7 /* Sources */,
				8D01CCCD0486CAD60068D4B7 /* Frameworks */,
				8D01CCCF0486CAD60068D4B7 /* Rez */,
				442E2C9520EBCC44005076E5 /* CopyFiles */,
			);
			buildRules = (
			);
			dependencies = (
			);
			name = SinSynth;
			productInstallPath = "$(HOME)/Library/Bundles";
			productName = AUAnalogSynth;
			productReference = 8D01CCD20486CAD60068D4B7 /* SinSynth.component */;
			productType = "com.apple.product-type.bundle";
		};
/* End PBXNativeTarget section */

/* Begin PBXProject section */
		089C1669FE841209C02AAC07 /* Project object */ = {
			isa = PBXProject;
			attributes = {
				LastUpgradeCheck = 0720;
				TargetAttributes = {
					8D01CCC60486CAD60068D4B7 = {
						DevelopmentTeam = KFBA7Q5H76;
						ProvisioningStyle = Automatic;
					};
				};
			};
			buildConfigurationList = A919E32C088DC18A008B8742 /* Build configuration list for PBXProject "SinSynth" */;
			compatibilityVersion = "Xcode 3.2";
			developmentRegion = English;
			hasScannedForEncodings = 1;
			knownRegions = (
				English,
				Japanese,
				French,
				German,
			);
			mainGroup = 089C166AFE841209C02AAC07 /* SinSynth */;
			projectDirPath = "";
			projectRoot = "";
			targets = (
				8D01CCC60486CAD60068D4B7 /* SinSynth */,
			);
		};
/* End PBXProject section */

/* Begin PBXResourcesBuildPhase section */
		8D01CCC90486CAD60068D4B7 /* Resources */ = {
			isa = PBXResourcesBuildPhase;
			buildActionMask = 2147483647;
			files = (
				0AF475F52D57F20600D44517 /* LICENSE.txt in Resources */,
				0AF475BC2D57F17900D44517 /* Info.plist in Resources */,
			);
			runOnlyForDeploymentPostprocessing = 0;
		};
/* End PBXResourcesBuildPhase section */

/* Begin PBXRezBuildPhase section */
		8D01CCCF0486CAD60068D4B7 /* Rez */ = {
			isa = PBXRezBuildPhase;
			buildActionMask = 2147483647;
			files = (
			);
			runOnlyForDeploymentPostprocessing = 0;
		};
/* End PBXRezBuildPhase section */

/* Begin PBXSourcesBuildPhase section */
		8D01CCCB0486CAD60068D4B7 /* Sources */ = {
			isa = PBXSourcesBuildPhase;
			buildActionMask = 2147483647;
			files = (
				0AF475F82D57F27000D44517 /* AUMIDIBase.cpp in Sources */,
				0AF475F92D57F27000D44517 /* AUInputElement.cpp in Sources */,
				0AF475FA2D57F27000D44517 /* SinSynth.exp in Sources */,
				0AF475FB2D57F27000D44517 /* MusicDeviceBase.cpp in Sources */,
				0AF475FC2D57F27000D44517 /* AUBufferAllocator.cpp in Sources */,
				0AA72D232D580C5F000EAF6C /* SinSynthView.mm in Sources */,
				0AF475FD2D57F27000D44517 /* AUBase.cpp in Sources */,
				0AF475FE2D57F27000D44517 /* AUEffectBase.cpp in Sources */,
				0AF475FF2D57F27000D44517 /* AUPlugInDispatch.cpp in Sources */,
				0AF476002D57F27000D44517 /* AUScopeElement.cpp in Sources */,
				0AF476012D57F27000D44517 /* AUMIDIEffectBase.cpp in Sources */,
				0AF476022D57F27000D44517 /* AUOutputElement.cpp in Sources */,
				0AF476032D57F27000D44517 /* SinSynth.cpp in Sources */,
				0AF476042D57F27000D44517 /* AUBuffer.cpp in Sources */,
				0AF476052D57F27000D44517 /* ComponentBase.cpp in Sources */,
			);
			runOnlyForDeploymentPostprocessing = 0;
		};
/* End PBXSourcesBuildPhase section */

/* Begin XCBuildConfiguration section */
		A919E329088DC18A008B8742 /* Development */ = {
			isa = XCBuildConfiguration;
			buildSettings = {
				CODE_SIGN_IDENTITY = "Apple Development";
				"CODE_SIGN_IDENTITY[sdk=macosx*]" = "-";
				CODE_SIGN_STYLE = Automatic;
				COMBINE_HIDPI_IMAGES = YES;
				DEVELOPMENT_TEAM = KFBA7Q5H76;
				EXPORTED_SYMBOLS_FILE = src/SinSynth.exp;
				GCC_ALTIVEC_EXTENSIONS = YES;
				GCC_OPTIMIZATION_LEVEL = 0;
				GCC_PRECOMPILE_PREFIX_HEADER = YES;
				GCC_PREFIX_HEADER = "";
				GCC_PREPROCESSOR_DEFINITIONS = "CA_USE_AUDIO_PLUGIN_ONLY=1";
				HEADER_SEARCH_PATHS = (
					/usr/local/include,
					/Users/izmar/git/LidarSynth,
				);
				INFOPLIST_FILE = "build-resources/Info.plist";
				INSTALL_PATH = "";
				LIBRARY_SEARCH_PATHS = /usr/local/lib;
				OTHER_CFLAGS = (
					"$(OTHER_CFLAGS)",
					"-DDEBUG",
				);
				PRODUCT_BUNDLE_IDENTIFIER = nl.izmar.auv2lab;
				PRODUCT_NAME = SinSynth;
				PROVISIONING_PROFILE_SPECIFIER = "";
				USER_HEADER_SEARCH_PATHS = "";
				WARNING_CFLAGS = (
					"-Wmost",
					"-Wno-four-char-constants",
					"-Wno-unknown-pragmas",
				);
				WRAPPER_EXTENSION = component;
			};
			name = Development;
		};
		A919E32D088DC18A008B8742 /* Development */ = {
			isa = XCBuildConfiguration;
			buildSettings = {
				CLANG_CXX_LANGUAGE_STANDARD = "c++17";
				CLANG_CXX_LIBRARY = "libc++";
				ENABLE_TESTABILITY = YES;
				HEADER_SEARCH_PATHS = /usr/local/include;
				MACOSX_DEPLOYMENT_TARGET = 10.7;
				ONLY_ACTIVE_ARCH = YES;
				OTHER_CFLAGS = "-DCA_AUTO_MIDI_MAP=1";
				SDKROOT = macosx;
			};
			name = Development;
		};
/* End XCBuildConfiguration section */

/* Begin XCConfigurationList section */
		A919E328088DC18A008B8742 /* Build configuration list for PBXNativeTarget "SinSynth" */ = {
			isa = XCConfigurationList;
			buildConfigurations = (
				A919E329088DC18A008B8742 /* Development */,
			);
			defaultConfigurationIsVisible = 0;
			defaultConfigurationName = Development;
		};
		A919E32C088DC18A008B8742 /* Build configuration list for PBXProject "SinSynth" */ = {
			isa = XCConfigurationList;
			buildConfigurations = (
				A919E32D088DC18A008B8742 /* Development */,
			);
			defaultConfigurationIsVisible = 0;
			defaultConfigurationName = Development;
		};
/* End XCConfigurationList section */
	};
	rootObject = 089C1669FE841209C02AAC07 /* Project object */;
}
